Microsoft Visual Studio Solution File, Format Version 12.00
# Visual Studio Version 17
VisualStudioVersion = 17.13.35818.85
MinimumVisualStudioVersion = 10.0.40219.1
Project("{FAE04EC0-301F-11D3-BF4B-00C04F79EFBC}") = "InterfazGraficaV1", "InterfazGraficaV1\InterfazGraficaV1.csproj", "{0959877F-8C70-4411-B15B-7FF5E856831D}"
EndProject
Project("{FAE04EC0-301F-11D3-BF4B-00C04F79EFBC}") = "IO.Swagger", "..\..\ALL-clientes-open-api\v3-cliente-openapi\csharp-client-generated (1)\src\IO.Swagger\IO.Swagger.csproj", "{26969A8A-5718-E446-A6F1-10348F028706}"
EndProject
Project("{FAE04EC0-301F-11D3-BF4B-00C04F79EFBC}") = "IO.Swagger.Test", "..\..\ALL-clientes-open-api\v3-cliente-openapi\csharp-client-generated (1)\src\IO.Swagger.Test\IO.Swagger.Test.csproj", "{2C44F08F-323B-7864-9F7D-44B11F2E5889}"
EndProject
Global
	GlobalSection(SolutionConfigurationPlatforms) = preSolution
		Debug|Any CPU = Debug|Any CPU
		Release|Any CPU = Release|Any CPU
	EndGlobalSection
	GlobalSection(ProjectConfigurationPlatforms) = postSolution
		{0959877F-8C70-4411-B15B-7FF5E856831D}.Debug|Any CPU.ActiveCfg = Debug|Any CPU
		{0959877F-8C70-4411-B15B-7FF5E856831D}.Debug|Any CPU.Build.0 = Debug|Any CPU
		{0959877F-8C70-4411-B15B-7FF5E856831D}.Release|Any CPU.ActiveCfg = Release|Any CPU
		{0959877F-8C70-4411-B15B-7FF5E856831D}.Release|Any CPU.Build.0 = Release|Any CPU
		{26969A8A-5718-E446-A6F1-10348F028706}.Debug|Any CPU.ActiveCfg = Debug|Any CPU
		{26969A8A-5718-E446-A6F1-10348F028706}.Debug|Any CPU.Build.0 = Debug|Any CPU
		{26969A8A-5718-E446-A6F1-10348F028706}.Release|Any CPU.ActiveCfg = Release|Any CPU
		{26969A8A-5718-E446-A6F1-10348F028706}.Release|Any CPU.Build.0 = Release|Any CPU
		{2C44F08F-323B-7864-9F7D-44B11F2E5889}.Debug|Any CPU.ActiveCfg = Debug|Any CPU
		{2C44F08F-323B-7864-9F7D-44B11F2E5889}.Debug|Any CPU.Build.0 = Debug|Any CPU
		{2C44F08F-323B-7864-9F7D-44B11F2E5889}.Release|Any CPU.ActiveCfg = Release|Any CPU
		{2C44F08F-323B-7864-9F7D-44B11F2E5889}.Release|Any CPU.Build.0 = Release|Any CPU
	EndGlobalSection
	GlobalSection(SolutionProperties) = preSolution
		HideSolutionNode = FALSE
	EndGlobalSection
	GlobalSection(ExtensibilityGlobals) = postSolution
		SolutionGuid = {CB450927-B646-4551-9076-C6F07CF5BE00}
	EndGlobalSection
EndGlobal
